// !$*UTF8*$!
{
	archiveVersion = 1;
	classes = {
	};
	objectVersion = 50;
	objects = {

/* Begin PBXBuildFile section */
		130A6038264C39DE0099E2F8 /* TestListView.swift in Sources */ = {isa = PBXBuildFile; fileRef = 130A6037264C39DE0099E2F8 /* TestListView.swift */; };
		130A6039264C39DE0099E2F8 /* TestListView.swift in Sources */ = {isa = PBXBuildFile; fileRef = 130A6037264C39DE0099E2F8 /* TestListView.swift */; };
		130A6040264C3B4C0099E2F8 /* Landmark.swift in Sources */ = {isa = PBXBuildFile; fileRef = 130A603F264C3B4C0099E2F8 /* Landmark.swift */; };
		130A6041264C3B4C0099E2F8 /* Landmark.swift in Sources */ = {isa = PBXBuildFile; fileRef = 130A603F264C3B4C0099E2F8 /* Landmark.swift */; };
		139CE5882643D461004EF7CF /* Vocal_TunerApp.swift in Sources */ = {isa = PBXBuildFile; fileRef = 139CE5752643D45E004EF7CF /* Vocal_TunerApp.swift */; };
		139CE5892643D461004EF7CF /* Vocal_TunerApp.swift in Sources */ = {isa = PBXBuildFile; fileRef = 139CE5752643D45E004EF7CF /* Vocal_TunerApp.swift */; };
		139CE58A2643D461004EF7CF /* ContentView.swift in Sources */ = {isa = PBXBuildFile; fileRef = 139CE5762643D45E004EF7CF /* ContentView.swift */; };
		139CE58B2643D461004EF7CF /* ContentView.swift in Sources */ = {isa = PBXBuildFile; fileRef = 139CE5762643D45E004EF7CF /* ContentView.swift */; };
		139CE58C2643D461004EF7CF /* Assets.xcassets in Resources */ = {isa = PBXBuildFile; fileRef = 139CE5772643D461004EF7CF /* Assets.xcassets */; };
		139CE58D2643D461004EF7CF /* Assets.xcassets in Resources */ = {isa = PBXBuildFile; fileRef = 139CE5772643D461004EF7CF /* Assets.xcassets */; };
/* End PBXBuildFile section */

/* Begin PBXFileReference section */
		130A6037264C39DE0099E2F8 /* TestListView.swift */ = {isa = PBXFileReference; lastKnownFileType = sourcecode.swift; path = TestListView.swift; sourceTree = "<group>"; };
		130A603F264C3B4C0099E2F8 /* Landmark.swift */ = {isa = PBXFileReference; lastKnownFileType = sourcecode.swift; path = Landmark.swift; sourceTree = "<group>"; };
		139CE5752643D45E004EF7CF /* Vocal_TunerApp.swift */ = {isa = PBXFileReference; lastKnownFileType = sourcecode.swift; path = Vocal_TunerApp.swift; sourceTree = "<group>"; };
		139CE5762643D45E004EF7CF /* ContentView.swift */ = {isa = PBXFileReference; lastKnownFileType = sourcecode.swift; path = ContentView.swift; sourceTree = "<group>"; };
		139CE5772643D461004EF7CF /* Assets.xcassets */ = {isa = PBXFileReference; lastKnownFileType = folder.assetcatalog; path = Assets.xcassets; sourceTree = "<group>"; };
		139CE57C2643D461004EF7CF /* Vocal Tuner.app */ = {isa = PBXFileReference; explicitFileType = wrapper.application; includeInIndex = 0; path = "Vocal Tuner.app"; sourceTree = BUILT_PRODUCTS_DIR; };
		139CE57F2643D461004EF7CF /* Info.plist */ = {isa = PBXFileReference; lastKnownFileType = text.plist.xml; path = Info.plist; sourceTree = "<group>"; };
		139CE5842643D461004EF7CF /* Vocal Tuner.app */ = {isa = PBXFileReference; explicitFileType = wrapper.application; includeInIndex = 0; path = "Vocal Tuner.app"; sourceTree = BUILT_PRODUCTS_DIR; };
		139CE5862643D461004EF7CF /* Info.plist */ = {isa = PBXFileReference; lastKnownFileType = text.plist.xml; path = Info.plist; sourceTree = "<group>"; };
		139CE5872643D461004EF7CF /* macOS.entitlements */ = {isa = PBXFileReference; lastKnownFileType = text.plist.entitlements; path = macOS.entitlements; sourceTree = "<group>"; };
/* End PBXFileReference section */

/* Begin PBXFrameworksBuildPhase section */
		139CE5792643D461004EF7CF /* Frameworks */ = {
			isa = PBXFrameworksBuildPhase;
			buildActionMask = 2147483647;
			files = (
			);
			runOnlyForDeploymentPostprocessing = 0;
		};
		139CE5812643D461004EF7CF /* Frameworks */ = {
			isa = PBXFrameworksBuildPhase;
			buildActionMask = 2147483647;
			files = (
			);
			runOnlyForDeploymentPostprocessing = 0;
		};
/* End PBXFrameworksBuildPhase section */

/* Begin PBXGroup section */
		130A6036264C39AA0099E2F8 /* Views */ = {
			isa = PBXGroup;
			children = (
				130A6037264C39DE0099E2F8 /* TestListView.swift */,
			);
			path = Views;
			sourceTree = "<group>";
		};
		130A603E264C3B350099E2F8 /* Models */ = {
			isa = PBXGroup;
			children = (
				130A603F264C3B4C0099E2F8 /* Landmark.swift */,
			);
			path = Models;
			sourceTree = "<group>";
		};
		130A6046264C42A40099E2F8 /* ThirdParty */ = {
			isa = PBXGroup;
			children = (
			);
			path = ThirdParty;
			sourceTree = "<group>";
		};
		139CE56F2643D45E004EF7CF = {
			isa = PBXGroup;
			children = (
				130A6046264C42A40099E2F8 /* ThirdParty */,
				139CE5742643D45E004EF7CF /* Shared */,
				139CE57E2643D461004EF7CF /* iOS */,
				139CE5852643D461004EF7CF /* macOS */,
				139CE57D2643D461004EF7CF /* Products */,
			);
			sourceTree = "<group>";
		};
		139CE5742643D45E004EF7CF /* Shared */ = {
			isa = PBXGroup;
			children = (
				130A603E264C3B350099E2F8 /* Models */,
				130A6036264C39AA0099E2F8 /* Views */,
				139CE5752643D45E004EF7CF /* Vocal_TunerApp.swift */,
				139CE5762643D45E004EF7CF /* ContentView.swift */,
				139CE5772643D461004EF7CF /* Assets.xcassets */,
			);
			path = Shared;
			sourceTree = "<group>";
		};
		139CE57D2643D461004EF7CF /* Products */ = {
			isa = PBXGroup;
			children = (
				139CE57C2643D461004EF7CF /* Vocal Tuner.app */,
				139CE5842643D461004EF7CF /* Vocal Tuner.app */,
			);
			name = Products;
			sourceTree = "<group>";
		};
		139CE57E2643D461004EF7CF /* iOS */ = {
			isa = PBXGroup;
			children = (
				139CE57F2643D461004EF7CF /* Info.plist */,
			);
			path = iOS;
			sourceTree = "<group>";
		};
		139CE5852643D461004EF7CF /* macOS */ = {
			isa = PBXGroup;
			children = (
				139CE5862643D461004EF7CF /* Info.plist */,
				139CE5872643D461004EF7CF /* macOS.entitlements */,
			);
			path = macOS;
			sourceTree = "<group>";
		};
/* End PBXGroup section */

/* Begin PBXNativeTarget section */
		139CE57B2643D461004EF7CF /* Vocal Tuner (iOS) */ = {
			isa = PBXNativeTarget;
			buildConfigurationList = 139CE5902643D461004EF7CF /* Build configuration list for PBXNativeTarget "Vocal Tuner (iOS)" */;
			buildPhases = (
				139CE5782643D461004EF7CF /* Sources */,
				139CE5792643D461004EF7CF /* Frameworks */,
				139CE57A2643D461004EF7CF /* Resources */,
			);
			buildRules = (
			);
			dependencies = (
			);
			name = "Vocal Tuner (iOS)";
			productName = "Vocal Tuner (iOS)";
			productReference = 139CE57C2643D461004EF7CF /* Vocal Tuner.app */;
			productType = "com.apple.product-type.application";
		};
		139CE5832643D461004EF7CF /* Vocal Tuner (macOS) */ = {
			isa = PBXNativeTarget;
			buildConfigurationList = 139CE5932643D461004EF7CF /* Build configuration list for PBXNativeTarget "Vocal Tuner (macOS)" */;
			buildPhases = (
				139CE5802643D461004EF7CF /* Sources */,
				139CE5812643D461004EF7CF /* Frameworks */,
				139CE5822643D461004EF7CF /* Resources */,
			);
			buildRules = (
			);
			dependencies = (
			);
			name = "Vocal Tuner (macOS)";
			productName = "Vocal Tuner (macOS)";
			productReference = 139CE5842643D461004EF7CF /* Vocal Tuner.app */;
			productType = "com.apple.product-type.application";
		};
/* End PBXNativeTarget section */

/* Begin PBXProject section */
		139CE5702643D45E004EF7CF /* Project object */ = {
			isa = PBXProject;
			attributes = {
				LastSwiftUpdateCheck = 1240;
				LastUpgradeCheck = 1240;
				TargetAttributes = {
					139CE57B2643D461004EF7CF = {
						CreatedOnToolsVersion = 12.4;
					};
					139CE5832643D461004EF7CF = {
						CreatedOnToolsVersion = 12.4;
					};
				};
			};
			buildConfigurationList = 139CE5732643D45E004EF7CF /* Build configuration list for PBXProject "Vocal Tuner" */;
			compatibilityVersion = "Xcode 9.3";
			developmentRegion = en;
			hasScannedForEncodings = 0;
			knownRegions = (
				en,
				Base,
			);
			mainGroup = 139CE56F2643D45E004EF7CF;
			productRefGroup = 139CE57D2643D461004EF7CF /* Products */;
			projectDirPath = "";
			projectRoot = "";
			targets = (
				139CE57B2643D461004EF7CF /* Vocal Tuner (iOS) */,
				139CE5832643D461004EF7CF /* Vocal Tuner (macOS) */,
			);
		};
/* End PBXProject section */

/* Begin PBXResourcesBuildPhase section */
		139CE57A2643D461004EF7CF /* Resources */ = {
			isa = PBXResourcesBuildPhase;
			buildActionMask = 2147483647;
			files = (
				139CE58C2643D461004EF7CF /* Assets.xcassets in Resources */,
			);
			runOnlyForDeploymentPostprocessing = 0;
		};
		139CE5822643D461004EF7CF /* Resources */ = {
			isa = PBXResourcesBuildPhase;
			buildActionMask = 2147483647;
			files = (
				139CE58D2643D461004EF7CF /* Assets.xcassets in Resources */,
			);
			runOnlyForDeploymentPostprocessing = 0;
		};
/* End PBXResourcesBuildPhase section */

/* Begin PBXSourcesBuildPhase section */
		139CE5782643D461004EF7CF /* Sources */ = {
			isa = PBXSourcesBuildPhase;
			buildActionMask = 2147483647;
			files = (
				130A6038264C39DE0099E2F8 /* TestListView.swift in Sources */,
				139CE58A2643D461004EF7CF /* ContentView.swift in Sources */,
				139CE5882643D461004EF7CF /* Vocal_TunerApp.swift in Sources */,
				130A6040264C3B4C0099E2F8 /* Landmark.swift in Sources */,
			);
			runOnlyForDeploymentPostprocessing = 0;
		};
		139CE5802643D461004EF7CF /* Sources */ = {
			isa = PBXSourcesBuildPhase;
			buildActionMask = 2147483647;
			files = (
				130A6039264C39DE0099E2F8 /* TestListView.swift in Sources */,
				139CE58B2643D461004EF7CF /* ContentView.swift in Sources */,
				139CE5892643D461004EF7CF /* Vocal_TunerApp.swift in Sources */,
				130A6041264C3B4C0099E2F8 /* Landmark.swift in Sources */,
			);
			runOnlyForDeploymentPostprocessing = 0;
		};
/* End PBXSourcesBuildPhase section */

/* Begin XCBuildConfiguration section */
		139CE58E2643D461004EF7CF /* Debug */ = {
			isa = XCBuildConfiguration;
			buildSettings = {
				ALWAYS_SEARCH_USER_PATHS = NO;
				CLANG_ANALYZER_NONNULL = YES;
				CLANG_ANALYZER_NUMBER_OBJECT_CONVERSION = YES_AGGRESSIVE;
				CLANG_CXX_LANGUAGE_STANDARD = "gnu++14";
				CLANG_CXX_LIBRARY = "libc++";
				CLANG_ENABLE_MODULES = YES;
				CLANG_ENABLE_OBJC_ARC = YES;
				CLANG_ENABLE_OBJC_WEAK = YES;
				CLANG_WARN_BLOCK_CAPTURE_AUTORELEASING = YES;
				CLANG_WARN_BOOL_CONVERSION = YES;
				CLANG_WARN_COMMA = YES;
				CLANG_WARN_CONSTANT_CONVERSION = YES;
				CLANG_WARN_DEPRECATED_OBJC_IMPLEMENTATIONS = YES;
				CLANG_WARN_DIRECT_OBJC_ISA_USAGE = YES_ERROR;
				CLANG_WARN_DOCUMENTATION_COMMENTS = YES;
				CLANG_WARN_EMPTY_BODY = YES;
				CLANG_WARN_ENUM_CONVERSION = YES;
				CLANG_WARN_INFINITE_RECURSION = YES;
				CLANG_WARN_INT_CONVERSION = YES;
				CLANG_WARN_NON_LITERAL_NULL_CONVERSION = YES;
				CLANG_WARN_OBJC_IMPLICIT_RETAIN_SELF = YES;
				CLANG_WARN_OBJC_LITERAL_CONVERSION = YES;
				CLANG_WARN_OBJC_ROOT_CLASS = YES_ERROR;
				CLANG_WARN_QUOTED_INCLUDE_IN_FRAMEWORK_HEADER = YES;
				CLANG_WARN_RANGE_LOOP_ANALYSIS = YES;
				CLANG_WARN_STRICT_PROTOTYPES = YES;
				CLANG_WARN_SUSPICIOUS_MOVE = YES;
				CLANG_WARN_UNGUARDED_AVAILABILITY = YES_AGGRESSIVE;
				CLANG_WARN_UNREACHABLE_CODE = YES;
				CLANG_WARN__DUPLICATE_METHOD_MATCH = YES;
				COPY_PHASE_STRIP = NO;
				DEBUG_INFORMATION_FORMAT = dwarf;
				ENABLE_STRICT_OBJC_MSGSEND = YES;
				ENABLE_TESTABILITY = YES;
				GCC_C_LANGUAGE_STANDARD = gnu11;
				GCC_DYNAMIC_NO_PIC = NO;
				GCC_NO_COMMON_BLOCKS = YES;
				GCC_OPTIMIZATION_LEVEL = 0;
				GCC_PREPROCESSOR_DEFINITIONS = (
					"DEBUG=1",
					"$(inherited)",
				);
				GCC_WARN_64_TO_32_BIT_CONVERSION = YES;
				GCC_WARN_ABOUT_RETURN_TYPE = YES_ERROR;
				GCC_WARN_UNDECLARED_SELECTOR = YES;
				GCC_WARN_UNINITIALIZED_AUTOS = YES_AGGRESSIVE;
				GCC_WARN_UNUSED_FUNCTION = YES;
				GCC_WARN_UNUSED_VARIABLE = YES;
				MTL_ENABLE_DEBUG_INFO = INCLUDE_SOURCE;
				MTL_FAST_MATH = YES;
				ONLY_ACTIVE_ARCH = YES;
				SWIFT_ACTIVE_COMPILATION_CONDITIONS = DEBUG;
				SWIFT_OPTIMIZATION_LEVEL = "-Onone";
			};
			name = Debug;
		};
		139CE58F2643D461004EF7CF /* Release */ = {
			isa = XCBuildConfiguration;
			buildSettings = {
				ALWAYS_SEARCH_USER_PATHS = NO;
				CLANG_ANALYZER_NONNULL = YES;
				CLANG_ANALYZER_NUMBER_OBJECT_CONVERSION = YES_AGGRESSIVE;
				CLANG_CXX_LANGUAGE_STANDARD = "gnu++14";
				CLANG_CXX_LIBRARY = "libc++";
				CLANG_ENABLE_MODULES = YES;
				CLANG_ENABLE_OBJC_ARC = YES;
				CLANG_ENABLE_OBJC_WEAK = YES;
				CLANG_WARN_BLOCK_CAPTURE_AUTORELEASING = YES;
				CLANG_WARN_BOOL_CONVERSION = YES;
				CLANG_WARN_COMMA = YES;
				CLANG_WARN_CONSTANT_CONVERSION = YES;
				CLANG_WARN_DEPRECATED_OBJC_IMPLEMENTATIONS = YES;
				CLANG_WARN_DIRECT_OBJC_ISA_USAGE = YES_ERROR;
				CLANG_WARN_DOCUMENTATION_COMMENTS = YES;
				CLANG_WARN_EMPTY_BODY = YES;
				CLANG_WARN_ENUM_CONVERSION = YES;
				CLANG_WARN_INFINITE_RECURSION = YES;
				CLANG_WARN_INT_CONVERSION = YES;
				CLANG_WARN_NON_LITERAL_NULL_CONVERSION = YES;
				CLANG_WARN_OBJC_IMPLICIT_RETAIN_SELF = YES;
				CLANG_WARN_OBJC_LITERAL_CONVERSION = YES;
				CLANG_WARN_OBJC_ROOT_CLASS = YES_ERROR;
				CLANG_WARN_QUOTED_INCLUDE_IN_FRAMEWORK_HEADER = YES;
				CLANG_WARN_RANGE_LOOP_ANALYSIS = YES;
				CLANG_WARN_STRICT_PROTOTYPES = YES;
				CLANG_WARN_SUSPICIOUS_MOVE = YES;
				CLANG_WARN_UNGUARDED_AVAILABILITY = YES_AGGRESSIVE;
				CLANG_WARN_UNREACHABLE_CODE = YES;
				CLANG_WARN__DUPLICATE_METHOD_MATCH = YES;
				COPY_PHASE_STRIP = NO;
				DEBUG_INFORMATION_FORMAT = "dwarf-with-dsym";
				ENABLE_NS_ASSERTIONS = NO;
				ENABLE_STRICT_OBJC_MSGSEND = YES;
				GCC_C_LANGUAGE_STANDARD = gnu11;
				GCC_NO_COMMON_BLOCKS = YES;
				GCC_WARN_64_TO_32_BIT_CONVERSION = YES;
				GCC_WARN_ABOUT_RETURN_TYPE = YES_ERROR;
				GCC_WARN_UNDECLARED_SELECTOR = YES;
				GCC_WARN_UNINITIALIZED_AUTOS = YES_AGGRESSIVE;
				GCC_WARN_UNUSED_FUNCTION = YES;
				GCC_WARN_UNUSED_VARIABLE = YES;
				MTL_ENABLE_DEBUG_INFO = NO;
				MTL_FAST_MATH = YES;
				SWIFT_COMPILATION_MODE = wholemodule;
				SWIFT_OPTIMIZATION_LEVEL = "-O";
			};
			name = Release;
		};
		139CE5912643D461004EF7CF /* Debug */ = {
			isa = XCBuildConfiguration;
			buildSettings = {
				ASSETCATALOG_COMPILER_APPICON_NAME = AppIcon;
				ASSETCATALOG_COMPILER_GLOBAL_ACCENT_COLOR_NAME = AccentColor;
				CODE_SIGN_STYLE = Automatic;
				DEVELOPMENT_TEAM = 3QXWQZY5CL;
				ENABLE_PREVIEWS = YES;
				INFOPLIST_FILE = iOS/Info.plist;
				IPHONEOS_DEPLOYMENT_TARGET = 14.0;
				LD_RUNPATH_SEARCH_PATHS = (
					"$(inherited)",
					"@executable_path/Frameworks",
				);
				PRODUCT_BUNDLE_IDENTIFIER = "Centauria.Vocal-Tuner";
				PRODUCT_NAME = "Vocal Tuner";
				SDKROOT = iphoneos;
				SWIFT_VERSION = 5.0;
				TARGETED_DEVICE_FAMILY = "1,2";
			};
			name = Debug;
		};
		139CE5922643D461004EF7CF /* Release */ = {
			isa = XCBuildConfiguration;
			buildSettings = {
				ASSETCATALOG_COMPILER_APPICON_NAME = AppIcon;
				ASSETCATALOG_COMPILER_GLOBAL_ACCENT_COLOR_NAME = AccentColor;
				CODE_SIGN_STYLE = Automatic;
				DEVELOPMENT_TEAM = 3QXWQZY5CL;
				ENABLE_PREVIEWS = YES;
				INFOPLIST_FILE = iOS/Info.plist;
				IPHONEOS_DEPLOYMENT_TARGET = 14.0;
				LD_RUNPATH_SEARCH_PATHS = (
					"$(inherited)",
					"@executable_path/Frameworks",
				);
				PRODUCT_BUNDLE_IDENTIFIER = "Centauria.Vocal-Tuner";
				PRODUCT_NAME = "Vocal Tuner";
				SDKROOT = iphoneos;
				SWIFT_VERSION = 5.0;
				TARGETED_DEVICE_FAMILY = "1,2";
				VALIDATE_PRODUCT = YES;
			};
			name = Release;
		};
		139CE5942643D461004EF7CF /* Debug */ = {
			isa = XCBuildConfiguration;
			buildSettings = {
				ASSETCATALOG_COMPILER_APPICON_NAME = AppIcon;
				ASSETCATALOG_COMPILER_GLOBAL_ACCENT_COLOR_NAME = AccentColor;
				CODE_SIGN_ENTITLEMENTS = macOS/macOS.entitlements;
				CODE_SIGN_IDENTITY = "-";
				CODE_SIGN_STYLE = Automatic;
				COMBINE_HIDPI_IMAGES = YES;
				DEVELOPMENT_TEAM = 3QXWQZY5CL;
				ENABLE_HARDENED_RUNTIME = YES;
				ENABLE_PREVIEWS = YES;
				INFOPLIST_FILE = macOS/Info.plist;
				LD_RUNPATH_SEARCH_PATHS = (
					"$(inherited)",
					"@executable_path/../Frameworks",
				);
				MACOSX_DEPLOYMENT_TARGET = 11.0;
				PRODUCT_BUNDLE_IDENTIFIER = "Centauria.Vocal-Tuner";
				PRODUCT_NAME = "Vocal Tuner";
				SDKROOT = macosx;
				SWIFT_VERSION = 5.0;
			};
			name = Debug;
		};
		139CE5952643D461004EF7CF /* Release */ = {
			isa = XCBuildConfiguration;
			buildSettings = {
				ASSETCATALOG_COMPILER_APPICON_NAME = AppIcon;
				ASSETCATALOG_COMPILER_GLOBAL_ACCENT_COLOR_NAME = AccentColor;
				CODE_SIGN_ENTITLEMENTS = macOS/macOS.entitlements;
				CODE_SIGN_IDENTITY = "-";
				CODE_SIGN_STYLE = Automatic;
				COMBINE_HIDPI_IMAGES = YES;
				DEVELOPMENT_TEAM = 3QXWQZY5CL;
				ENABLE_HARDENED_RUNTIME = YES;
				ENABLE_PREVIEWS = YES;
				INFOPLIST_FILE = macOS/Info.plist;
				LD_RUNPATH_SEARCH_PATHS = (
					"$(inherited)",
					"@executable_path/../Frameworks",
				);
				MACOSX_DEPLOYMENT_TARGET = 11.0;
				PRODUCT_BUNDLE_IDENTIFIER = "Centauria.Vocal-Tuner";
				PRODUCT_NAME = "Vocal Tuner";
				SDKROOT = macosx;
				SWIFT_VERSION = 5.0;
			};
			name = Release;
		};
/* End XCBuildConfiguration section */

/* Begin XCConfigurationList section */
		139CE5732643D45E004EF7CF /* Build configuration list for PBXProject "Vocal Tuner" */ = {
			isa = XCConfigurationList;
			buildConfigurations = (
				139CE58E2643D461004EF7CF /* Debug */,
				139CE58F2643D461004EF7CF /* Release */,
			);
			defaultConfigurationIsVisible = 0;
			defaultConfigurationName = Release;
		};
		139CE5902643D461004EF7CF /* Build configuration list for PBXNativeTarget "Vocal Tuner (iOS)" */ = {
			isa = XCConfigurationList;
			buildConfigurations = (
				139CE5912643D461004EF7CF /* Debug */,
				139CE5922643D461004EF7CF /* Release */,
			);
			defaultConfigurationIsVisible = 0;
			defaultConfigurationName = Release;
		};
		139CE5932643D461004EF7CF /* Build configuration list for PBXNativeTarget "Vocal Tuner (macOS)" */ = {
			isa = XCConfigurationList;
			buildConfigurations = (
				139CE5942643D461004EF7CF /* Debug */,
				139CE5952643D461004EF7CF /* Release */,
			);
			defaultConfigurationIsVisible = 0;
			defaultConfigurationName = Release;
		};
/* End XCConfigurationList section */
	};
	rootObject = 139CE5702643D45E004EF7CF /* Project object */;
}
